{
  "lockFileVersion": 18,
  "registryFileHashes": {
    "https://bcr.bazel.build/bazel_registry.json": "8a28e4aff06ee60aed2a8c281907fb8bcbf3b753c91fb5a5c57da3215d5b3497",
    "https://bcr.bazel.build/modules/abseil-cpp/20210324.2/MODULE.bazel": "7cd0312e064fde87c8d1cd79ba06c876bd23630c83466e9500321be55c96ace2",
    "https://bcr.bazel.build/modules/abseil-cpp/20211102.0/MODULE.bazel": "70390338f7a5106231d20620712f7cccb659cd0e9d073d1991c038eb9fc57589",
    "https://bcr.bazel.build/modules/abseil-cpp/20230125.1/MODULE.bazel": "89047429cb0207707b2dface14ba7f8df85273d484c2572755be4bab7ce9c3a0",
    "https://bcr.bazel.build/modules/abseil-cpp/20230802.0.bcr.1/MODULE.bazel": "1c8cec495288dccd14fdae6e3f95f772c1c91857047a098fad772034264cc8cb",
    "https://bcr.bazel.build/modules/abseil-cpp/20230802.0/MODULE.bazel": "d253ae36a8bd9ee3c5955384096ccb6baf16a1b1e93e858370da0a3b94f77c16",
    "https://bcr.bazel.build/modules/abseil-cpp/20230802.1/MODULE.bazel": "fa92e2eb41a04df73cdabeec37107316f7e5272650f81d6cc096418fe647b915",
    "https://bcr.bazel.build/modules/abseil-cpp/20240116.0/MODULE.bazel": "98dc378d64c12a4e4741ad3362f87fb737ee6a0886b2d90c3cdbb4d93ea3e0bf",
    "https://bcr.bazel.build/modules/abseil-cpp/20240116.1/MODULE.bazel": "37bcdb4440fbb61df6a1c296ae01b327f19e9bb521f9b8e26ec854b6f97309ed",
    "https://bcr.bazel.build/modules/abseil-cpp/20240116.2/MODULE.bazel": "73939767a4686cd9a520d16af5ab440071ed75cec1a876bf2fcfaf1f71987a16",
    "https://bcr.bazel.build/modules/abseil-cpp/20240722.0/MODULE.bazel": "88668a07647adbdc14cb3a7cd116fb23c9dda37a90a1681590b6c9d8339a5b84",
    "https://bcr.bazel.build/modules/abseil-cpp/20250127.1/MODULE.bazel": "c4a89e7ceb9bf1e25cf84a9f830ff6b817b72874088bf5141b314726e46a57c1",
    "https://bcr.bazel.build/modules/abseil-cpp/20250512.1/MODULE.bazel": "d209fdb6f36ffaf61c509fcc81b19e81b411a999a934a032e10cd009a0226215",
    "https://bcr.bazel.build/modules/abseil-cpp/20250512.1/source.json": "d725d73707d01bb46ab3ca59ba408b8e9bd336642ca77a2269d4bfb8bbfd413d",
    "https://bcr.bazel.build/modules/abseil-py/2.1.0/MODULE.bazel": "5ebe5bf853769c65707e5c28f216798f7a4b1042015e6a36e6d03094d94bec8a",
    "https://bcr.bazel.build/modules/abseil-py/2.1.0/source.json": "0e8fc4f088ce07099c1cd6594c20c7ddbb48b4b3c0849b7d94ba94be88ff042b",
    "https://bcr.bazel.build/modules/apple_support/1.11.1/MODULE.bazel": "1843d7cd8a58369a444fc6000e7304425fba600ff641592161d9f15b179fb896",
    "https://bcr.bazel.build/modules/apple_support/1.13.0/MODULE.bazel": "7c8cdea7e031b7f9f67f0b497adf6d2c6a2675e9304ca93a9af6ed84eef5a524",
    "https://bcr.bazel.build/modules/apple_support/1.14.0/MODULE.bazel": "ff6681d5678559b588b5062313e6314be77d560d546e28833e10d6d1b54d18ee",
    "https://bcr.bazel.build/modules/apple_support/1.15.1/MODULE.bazel": "a0556fefca0b1bb2de8567b8827518f94db6a6e7e7d632b4c48dc5f865bc7c85",
    "https://bcr.bazel.build/modules/apple_support/1.15.1/source.json": "517f2b77430084c541bc9be2db63fdcbb7102938c5f64c17ee60ffda2e5cf07b",
    "https://bcr.bazel.build/modules/aspect_bazel_lib/1.31.2/MODULE.bazel": "7bee702b4862612f29333590f4b658a5832d433d6f8e4395f090e8f4e85d442f",
    "https://bcr.bazel.build/modules/aspect_bazel_lib/1.38.0/MODULE.bazel": "6307fec451ba9962c1c969eb516ebfe1e46528f7fa92e1c9ac8646bef4cdaa3f",
    "https://bcr.bazel.build/modules/aspect_bazel_lib/1.40.3/MODULE.bazel": "668e6bcb4d957fc0e284316dba546b705c8d43c857f87119619ee83c4555b859",
    "https://bcr.bazel.build/modules/aspect_rules_js/1.33.1/MODULE.bazel": "db3e7f16e471cf6827059d03af7c21859e7a0d2bc65429a3a11f005d46fc501b",
    "https://bcr.bazel.build/modules/aspect_rules_js/1.39.0/MODULE.bazel": "aece421d479e3c31dc3e5f6d49a12acc2700457c03c556650ec7a0ff23fc0d95",
    "https://bcr.bazel.build/modules/aspect_rules_lint/0.12.0/MODULE.bazel": "e767c5dbfeb254ec03275a7701b5cfde2c4d2873676804bc7cb27ddff3728fed",
    "https://bcr.bazel.build/modules/bazel_features/0.1.0/MODULE.bazel": "47011d645b0f949f42ee67f2e8775188a9cf4a0a1528aa2fa4952f2fd00906fd",
    "https://bcr.bazel.build/modules/bazel_features/1.1.1/MODULE.bazel": "27b8c79ef57efe08efccbd9dd6ef70d61b4798320b8d3c134fd571f78963dbcd",
    "https://bcr.bazel.build/modules/bazel_features/1.11.0/MODULE.bazel": "f9382337dd5a474c3b7d334c2f83e50b6eaedc284253334cf823044a26de03e8",
    "https://bcr.bazel.build/modules/bazel_features/1.15.0/MODULE.bazel": "d38ff6e517149dc509406aca0db3ad1efdd890a85e049585b7234d04238e2a4d",
    "https://bcr.bazel.build/modules/bazel_features/1.17.0/MODULE.bazel": "039de32d21b816b47bd42c778e0454217e9c9caac4a3cf8e15c7231ee3ddee4d",
    "https://bcr.bazel.build/modules/bazel_features/1.18.0/MODULE.bazel": "1be0ae2557ab3a72a57aeb31b29be347bcdc5d2b1eb1e70f39e3851a7e97041a",
    "https://bcr.bazel.build/modules/bazel_features/1.19.0/MODULE.bazel": "59adcdf28230d220f0067b1f435b8537dd033bfff8db21335ef9217919c7fb58",
    "https://bcr.bazel.build/modules/bazel_features/1.21.0/MODULE.bazel": "675642261665d8eea09989aa3b8afb5c37627f1be178382c320d1b46afba5e3b",
    "https://bcr.bazel.build/modules/bazel_features/1.28.0/MODULE.bazel": "4b4200e6cbf8fa335b2c3f43e1d6ef3e240319c33d43d60cc0fbd4b87ece299d",
    "https://bcr.bazel.build/modules/bazel_features/1.30.0/MODULE.bazel": "a14b62d05969a293b80257e72e597c2da7f717e1e69fa8b339703ed6731bec87",
    "https://bcr.bazel.build/modules/bazel_features/1.30.0/source.json": "b07e17f067fe4f69f90b03b36ef1e08fe0d1f3cac254c1241a1818773e3423bc",
    "https://bcr.bazel.build/modules/bazel_features/1.4.1/MODULE.bazel": "e45b6bb2350aff3e442ae1111c555e27eac1d915e77775f6fdc4b351b758b5d7",
    "https://bcr.bazel.build/modules/bazel_features/1.9.1/MODULE.bazel": "8f679097876a9b609ad1f60249c49d68bfab783dd9be012faf9d82547b14815a",
    "https://bcr.bazel.build/modules/bazel_skylib/1.0.3/MODULE.bazel": "bcb0fd896384802d1ad283b4e4eb4d718eebd8cb820b0a2c3a347fb971afd9d8",
    "https://bcr.bazel.build/modules/bazel_skylib/1.1.1/MODULE.bazel": "1add3e7d93ff2e6998f9e118022c84d163917d912f5afafb3058e3d2f1545b5e",
    "https://bcr.bazel.build/modules/bazel_skylib/1.2.0/MODULE.bazel": "44fe84260e454ed94ad326352a698422dbe372b21a1ac9f3eab76eb531223686",
    "https://bcr.bazel.build/modules/bazel_skylib/1.2.1/MODULE.bazel": "f35baf9da0efe45fa3da1696ae906eea3d615ad41e2e3def4aeb4e8bc0ef9a7a",
    "https://bcr.bazel.build/modules/bazel_skylib/1.3.0/MODULE.bazel": "20228b92868bf5cfc41bda7afc8a8ba2a543201851de39d990ec957b513579c5",
    "https://bcr.bazel.build/modules/bazel_skylib/1.4.1/MODULE.bazel": "a0dcb779424be33100dcae821e9e27e4f2901d9dfd5333efe5ac6a8d7ab75e1d",
    "https://bcr.bazel.build/modules/bazel_skylib/1.4.2/MODULE.bazel": "3bd40978e7a1fac911d5989e6b09d8f64921865a45822d8b09e815eaa726a651",
    "https://bcr.bazel.build/modules/bazel_skylib/1.5.0/MODULE.bazel": "32880f5e2945ce6a03d1fbd588e9198c0a959bb42297b2cfaf1685b7bc32e138",
    "https://bcr.bazel.build/modules/bazel_skylib/1.6.1/MODULE.bazel": "8fdee2dbaace6c252131c00e1de4b165dc65af02ea278476187765e1a617b917",
    "https://bcr.bazel.build/modules/bazel_skylib/1.7.0/MODULE.bazel": "0db596f4563de7938de764cc8deeabec291f55e8ec15299718b93c4423e9796d",
    "https://bcr.bazel.build/modules/bazel_skylib/1.7.1/MODULE.bazel": "3120d80c5861aa616222ec015332e5f8d3171e062e3e804a2a0253e1be26e59b",
    "https://bcr.bazel.build/modules/bazel_skylib/1.8.1/MODULE.bazel": "88ade7293becda963e0e3ea33e7d54d3425127e0a326e0d17da085a5f1f03ff6",
    "https://bcr.bazel.build/modules/bazel_skylib/1.8.1/source.json": "7ebaefba0b03efe59cac88ed5bbc67bcf59a3eff33af937345ede2a38b2d368a",
    "https://bcr.bazel.build/modules/boringssl/0.0.0-20240530-2db0eb3/MODULE.bazel": "d0405b762c5e87cd445b7015f2b8da5400ef9a8dbca0bfefa6c1cea79d528a97",
    "https://bcr.bazel.build/modules/boringssl/0.0.0-20240530-2db0eb3/source.json": "0d413869349e82e5d679802abe9ce23e0326bbf56daa97ae9e7dbdcec72982fc",
    "https://bcr.bazel.build/modules/brotli/1.1.0/MODULE.bazel": "3b5b90488995183419c4b5c9b063a164f6c0bc4d0d6b40550a612a5e860cc0fe",
    "https://bcr.bazel.build/modules/brotli/1.1.0/source.json": "098a4fd315527166e8dfe1fd1537c96a737a83764be38fc43f4da231d600f3d0",
    "https://bcr.bazel.build/modules/buildozer/7.1.2/MODULE.bazel": "2e8dd40ede9c454042645fd8d8d0cd1527966aa5c919de86661e62953cd73d84",
    "https://bcr.bazel.build/modules/buildozer/7.1.2/source.json": "c9028a501d2db85793a6996205c8de120944f50a0d570438fcae0457a5f9d1f8",
    "https://bcr.bazel.build/modules/bzip2/1.0.8/MODULE.bazel": "83ee443b286b0b91566e5ee77e74ba6445895f3135467893871560f9e4ebc159",
    "https://bcr.bazel.build/modules/bzip2/1.0.8/source.json": "b64f3a2f973749cf5f6ee32b3d804af56a35a746228a7845ed5daa31c8cc8af1",
    "https://bcr.bazel.build/modules/fuzztest/20241028.0/MODULE.bazel": "55ccf828e88fb6ef6aa7fc477f7d0d442c5e740f8c7581294862645069b4a88d",
    "https://bcr.bazel.build/modules/fuzztest/20241028.0/source.json": "dc9bc5801d78274b062ee1dc1a27a0e1e63f8bd505cd46cc1e914a62c0f5c274",
    "https://bcr.bazel.build/modules/gazelle/0.27.0/MODULE.bazel": "3446abd608295de6d90b4a8a118ed64a9ce11dcb3dda2dc3290a22056bd20996",
    "https://bcr.bazel.build/modules/gazelle/0.30.0/MODULE.bazel": "f888a1effe338491f35f0e0e85003b47bb9d8295ccba73c37e07702d8d31c65b",
    "https://bcr.bazel.build/modules/google_benchmark/1.8.2/MODULE.bazel": "a70cf1bba851000ba93b58ae2f6d76490a9feb74192e57ab8e8ff13c34ec50cb",
    "https://bcr.bazel.build/modules/google_benchmark/1.8.3/MODULE.bazel": "2349ac3adb7917fdc4378e85fae533015dae3cb583ad1bd5d2c2185106c7c403",
    "https://bcr.bazel.build/modules/google_benchmark/1.9.4/MODULE.bazel": "3bab7c17c10580f87b647478a72a05621f88abc275afb97b578c828f56e59d45",
    "https://bcr.bazel.build/modules/google_benchmark/1.9.4/source.json": "8e0036f76a5c2aa9c16ca0da57d8065cff69edeed58f1f85584c588c0ef723a5",
    "https://bcr.bazel.build/modules/googletest/1.11.0/MODULE.bazel": "3a83f095183f66345ca86aa13c58b59f9f94a2f81999c093d4eeaa2d262d12f4",
    "https://bcr.bazel.build/modules/googletest/1.13.0/MODULE.bazel": "369533f4a302dc7d9ad1cd9a09a9e820a1d9a4011fad2dfa636b5bb225b9a6c7",
    "https://bcr.bazel.build/modules/googletest/1.14.0.bcr.1/MODULE.bazel": "22c31a561553727960057361aa33bf20fb2e98584bc4fec007906e27053f80c6",
    "https://bcr.bazel.build/modules/googletest/1.14.0/MODULE.bazel": "cfbcbf3e6eac06ef9d85900f64424708cc08687d1b527f0ef65aa7517af8118f",
    "https://bcr.bazel.build/modules/googletest/1.15.2/MODULE.bazel": "6de1edc1d26cafb0ea1a6ab3f4d4192d91a312fd2d360b63adaa213cd00b2108",
    "https://bcr.bazel.build/modules/googletest/1.17.0/MODULE.bazel": "dbec758171594a705933a29fcf69293d2468c49ec1f2ebca65c36f504d72df46",
    "https://bcr.bazel.build/modules/googletest/1.17.0/source.json": "38e4454b25fc30f15439c0378e57909ab1fd0a443158aa35aec685da727cd713",
    "https://bcr.bazel.build/modules/highwayhash/0.0.0-20240305-5ad3bf8/MODULE.bazel": "5c7f29d5bd70feff14b0f65b39584957e18e4a8d555e5a29a4c36019afbb44b9",
    "https://bcr.bazel.build/modules/highwayhash/0.0.0-20240305-5ad3bf8/source.json": "211c0937ef5f537da6c3c135d12e60927c71b380642e207e4a02b86d29c55e85",
    "https://bcr.bazel.build/modules/jsoncpp/1.9.5/MODULE.bazel": "31271aedc59e815656f5736f282bb7509a97c7ecb43e927ac1a37966e0578075",
    "https://bcr.bazel.build/modules/jsoncpp/1.9.5/source.json": "4108ee5085dd2885a341c7fab149429db457b3169b86eb081fa245eadf69169d",
    "https://bcr.bazel.build/modules/lz4/1.9.4/MODULE.bazel": "e3d307b1d354d70f6c809167eafecf5d622c3f27e3971ab7273410f429c7f83a",
    "https://bcr.bazel.build/modules/lz4/1.9.4/source.json": "233f0bdfc21f254e3dda14683ddc487ca68c6a3a83b7d5db904c503f85bd089b",
    "https://bcr.bazel.build/modules/platforms/0.0.10/MODULE.bazel": "8cb8efaf200bdeb2150d93e162c40f388529a25852b332cec879373771e48ed5",
    "https://bcr.bazel.build/modules/platforms/0.0.11/MODULE.bazel": "0daefc49732e227caa8bfa834d65dc52e8cc18a2faf80df25e8caea151a9413f",
    "https://bcr.bazel.build/modules/platforms/0.0.4/MODULE.bazel": "9b328e31ee156f53f3c416a64f8491f7eb731742655a47c9eec4703a71644aee",
    "https://bcr.bazel.build/modules/platforms/0.0.5/MODULE.bazel": "5733b54ea419d5eaf7997054bb55f6a1d0b5ff8aedf0176fef9eea44f3acda37",
    "https://bcr.bazel.build/modules/platforms/0.0.6/MODULE.bazel": "ad6eeef431dc52aefd2d77ed20a4b353f8ebf0f4ecdd26a807d2da5aa8cd0615",
    "https://bcr.bazel.build/modules/platforms/0.0.7/MODULE.bazel": "72fd4a0ede9ee5c021f6a8dd92b503e089f46c227ba2813ff183b71616034814",
    "https://bcr.bazel.build/modules/platforms/0.0.8/MODULE.bazel": "9f142c03e348f6d263719f5074b21ef3adf0b139ee4c5133e2aa35664da9eb2d",
    "https://bcr.bazel.build/modules/platforms/0.0.9/MODULE.bazel": "4a87a60c927b56ddd67db50c89acaa62f4ce2a1d2149ccb63ffd871d5ce29ebc",
    "https://bcr.bazel.build/modules/platforms/1.0.0/MODULE.bazel": "f05feb42b48f1b3c225e4ccf351f367be0371411a803198ec34a389fb22aa580",
    "https://bcr.bazel.build/modules/platforms/1.0.0/source.json": "f4ff1fd412e0246fd38c82328eb209130ead81d62dcd5a9e40910f867f733d96",
    "https://bcr.bazel.build/modules/protobuf/21.7/MODULE.bazel": "a5a29bb89544f9b97edce05642fac225a808b5b7be74038ea3640fae2f8e66a7",
    "https://bcr.bazel.build/modules/protobuf/23.1/MODULE.bazel": "88b393b3eb4101d18129e5db51847cd40a5517a53e81216144a8c32dfeeca52a",
    "https://bcr.bazel.build/modules/protobuf/27.0/MODULE.bazel": "7873b60be88844a0a1d8f80b9d5d20cfbd8495a689b8763e76c6372998d3f64c",
    "https://bcr.bazel.build/modules/protobuf/27.1/MODULE.bazel": "703a7b614728bb06647f965264967a8ef1c39e09e8f167b3ca0bb1fd80449c0d",
    "https://bcr.bazel.build/modules/protobuf/27.5/MODULE.bazel": "1723de82125423bba88590fbbbe7d84792b9de70fa2bd76e9e3d83f9d7f1640b",
    "https://bcr.bazel.build/modules/protobuf/28.2/MODULE.bazel": "c0c8e51757df486d0314fa290e174d707bad4a6c2aa5ccb08a4b4abd76a23e90",
    "https://bcr.bazel.build/modules/protobuf/29.0-rc2/MODULE.bazel": "6241d35983510143049943fc0d57937937122baf1b287862f9dc8590fc4c37df",
    "https://bcr.bazel.build/modules/protobuf/29.0-rc3/MODULE.bazel": "33c2dfa286578573afc55a7acaea3cada4122b9631007c594bf0729f41c8de92",
    "https://bcr.bazel.build/modules/protobuf/29.0/MODULE.bazel": "319dc8bf4c679ff87e71b1ccfb5a6e90a6dbc4693501d471f48662ac46d04e4e",
    "https://bcr.bazel.build/modules/protobuf/29.0/source.json": "b857f93c796750eef95f0d61ee378f3420d00ee1dd38627b27193aa482f4f981",
    "https://bcr.bazel.build/modules/protobuf/3.19.0/MODULE.bazel": "6b5fbb433f760a99a22b18b6850ed5784ef0e9928a72668b66e4d7ccd47db9b0",
    "https://bcr.bazel.build/modules/protobuf/3.19.2/MODULE.bazel": "532ffe5f2186b69fdde039efe6df13ba726ff338c6bc82275ad433013fa10573",
    "https://bcr.bazel.build/modules/protobuf/3.19.6/MODULE.bazel": "9233edc5e1f2ee276a60de3eaa47ac4132302ef9643238f23128fea53ea12858",
    "https://bcr.bazel.build/modules/pybind11_bazel/2.11.1.bzl.1/MODULE.bazel": "1ef2994c097ee88f8f7ae8fbf991aaefb0603b2540fe575eca14943bc9f220a6",
    "https://bcr.bazel.build/modules/pybind11_bazel/2.11.1.bzl.3/MODULE.bazel": "a1b973f5bfa6df193ec17010c461494fae18a2b4477ff3dc8086846ca806683d",
    "https://bcr.bazel.build/modules/pybind11_bazel/2.11.1/MODULE.bazel": "88af1c246226d87e65be78ed49ecd1e6f5e98648558c14ce99176da041dc378e",
    "https://bcr.bazel.build/modules/pybind11_bazel/2.12.0/MODULE.bazel": "e6f4c20442eaa7c90d7190d8dc539d0ab422f95c65a57cc59562170c58ae3d34",
    "https://bcr.bazel.build/modules/pybind11_bazel/2.12.0/source.json": "6900fdc8a9e95866b8c0d4ad4aba4d4236317b5c1cd04c502df3f0d33afed680",
    "https://bcr.bazel.build/modules/re2/2023-09-01/MODULE.bazel": "cb3d511531b16cfc78a225a9e2136007a48cf8a677e4264baeab57fe78a80206",
    "https://bcr.bazel.build/modules/re2/2024-02-01/MODULE.bazel": "5ed922cb8b6c110e30969695e73bd0d3159576bf17ce8ee2443a7d07bf500551",
    "https://bcr.bazel.build/modules/re2/2024-04-01/MODULE.bazel": "eb949379b51784dcc859dfa3655b6e46da179837873ee05aaf7f3b811a7a03ac",
    "https://bcr.bazel.build/modules/re2/2024-07-02.bcr.1/MODULE.bazel": "b4963dda9b31080be1905ef085ecd7dd6cd47c05c79b9cdf83ade83ab2ab271a",
    "https://bcr.bazel.build/modules/re2/2024-07-02.bcr.1/source.json": "2ff292be6ef3340325ce8a045ecc326e92cbfab47c7cbab4bd85d28971b97ac4",
    "https://bcr.bazel.build/modules/re2/2024-07-02/MODULE.bazel": "0eadc4395959969297cbcf31a249ff457f2f1d456228c67719480205aa306daa",
    "https://bcr.bazel.build/modules/riegeli/0.0.0-20240606-973b6f0/MODULE.bazel": "3e8067b12d3a3bb4bc297b29c66a778af0c1da0cddbfde37d18c077ffc365602",
    "https://bcr.bazel.build/modules/riegeli/0.0.0-20240606-973b6f0/source.json": "7383c71350a45496e37b4e55974fb5c9e90ec7397070a4d6fc7c9a00117f95cf",
    "https://bcr.bazel.build/modules/rules_android/0.1.1/MODULE.bazel": "48809ab0091b07ad0182defb787c4c5328bd3a278938415c00a7b69b50c4d3a8",
    "https://bcr.bazel.build/modules/rules_android/0.1.1/source.json": "e6986b41626ee10bdc864937ffb6d6bf275bb5b9c65120e6137d56e6331f089e",
    "https://bcr.bazel.build/modules/rules_buf/0.1.1/MODULE.bazel": "6189aec18a4f7caff599ad41b851ab7645d4f1e114aa6431acf9b0666eb92162",
    "https://bcr.bazel.build/modules/rules_cc/0.0.1/MODULE.bazel": "cb2aa0747f84c6c3a78dad4e2049c154f08ab9d166b1273835a8174940365647",
    "https://bcr.bazel.build/modules/rules_cc/0.0.10/MODULE.bazel": "ec1705118f7eaedd6e118508d3d26deba2a4e76476ada7e0e3965211be012002",
    "https://bcr.bazel.build/modules/rules_cc/0.0.13/MODULE.bazel": "0e8529ed7b323dad0775ff924d2ae5af7640b23553dfcd4d34344c7e7a867191",
    "https://bcr.bazel.build/modules/rules_cc/0.0.14/MODULE.bazel": "5e343a3aac88b8d7af3b1b6d2093b55c347b8eefc2e7d1442f7a02dc8fea48ac",
    "https://bcr.bazel.build/modules/rules_cc/0.0.15/MODULE.bazel": "6704c35f7b4a72502ee81f61bf88706b54f06b3cbe5558ac17e2e14666cd5dcc",
    "https://bcr.bazel.build/modules/rules_cc/0.0.16/MODULE.bazel": "7661303b8fc1b4d7f532e54e9d6565771fea666fbdf839e0a86affcd02defe87",
    "https://bcr.bazel.build/modules/rules_cc/0.0.17/MODULE.bazel": "2ae1d8f4238ec67d7185d8861cb0a2cdf4bc608697c331b95bf990e69b62e64a",
    "https://bcr.bazel.build/modules/rules_cc/0.0.2/MODULE.bazel": "6915987c90970493ab97393024c156ea8fb9f3bea953b2f3ec05c34f19b5695c",
    "https://bcr.bazel.build/modules/rules_cc/0.0.6/MODULE.bazel": "abf360251023dfe3efcef65ab9d56beefa8394d4176dd29529750e1c57eaa33f",
    "https://bcr.bazel.build/modules/rules_cc/0.0.8/MODULE.bazel": "964c85c82cfeb6f3855e6a07054fdb159aced38e99a5eecf7bce9d53990afa3e",
    "https://bcr.bazel.build/modules/rules_cc/0.0.9/MODULE.bazel": "836e76439f354b89afe6a911a7adf59a6b2518fafb174483ad78a2a2fde7b1c5",
    "https://bcr.bazel.build/modules/rules_cc/0.1.1/MODULE.bazel": "2f0222a6f229f0bf44cd711dc13c858dad98c62d52bd51d8fc3a764a83125513",
    "https://bcr.bazel.build/modules/rules_cc/0.1.4/MODULE.bazel": "bb03a452a7527ac25a7518fb86a946ef63df860b9657d8323a0c50f8504fb0b9",
    "https://bcr.bazel.build/modules/rules_cc/0.1.4/source.json": "f8e6678214b318585ed9f8deb55ae64ba7708465e4f201f41ab636b9c63851e1",
    "https://bcr.bazel.build/modules/rules_foreign_cc/0.9.0/MODULE.bazel": "c9e8c682bf75b0e7c704166d79b599f93b72cfca5ad7477df596947891feeef6",
    "https://bcr.bazel.build/modules/rules_fuzzing/0.5.2/MODULE.bazel": "40c97d1144356f52905566c55811f13b299453a14ac7769dfba2ac38192337a8",
    "https://bcr.bazel.build/modules/rules_fuzzing/0.5.2/source.json": "c8b1e2c717646f1702290959a3302a178fb639d987ab61d548105019f11e527e",
    "https://bcr.bazel.build/modules/rules_go/0.33.0/MODULE.bazel": "a2b11b64cd24bf94f57454f53288a5dacfe6cb86453eee7761b7637728c1910c",
    "https://bcr.bazel.build/modules/rules_go/0.38.1/MODULE.bazel": "fb8e73dd3b6fc4ff9d260ceacd830114891d49904f5bda1c16bc147bcc254f71",
    "https://bcr.bazel.build/modules/rules_go/0.39.1/MODULE.bazel": "d34fb2a249403a5f4339c754f1e63dc9e5ad70b47c5e97faee1441fc6636cd61",
    "https://bcr.bazel.build/modules/rules_java/4.0.0/MODULE.bazel": "5a78a7ae82cd1a33cef56dc578c7d2a46ed0dca12643ee45edbb8417899e6f74",
    "https://bcr.bazel.build/modules/rules_java/5.3.5/MODULE.bazel": "a4ec4f2db570171e3e5eb753276ee4b389bae16b96207e9d3230895c99644b86",
    "https://bcr.bazel.build/modules/rules_java/6.0.0/MODULE.bazel": "8a43b7df601a7ec1af61d79345c17b31ea1fedc6711fd4abfd013ea612978e39",
    "https://bcr.bazel.build/modules/rules_java/6.4.0/MODULE.bazel": "e986a9fe25aeaa84ac17ca093ef13a4637f6107375f64667a15999f77db6c8f6",
    "https://bcr.bazel.build/modules/rules_java/6.5.2/MODULE.bazel": "1d440d262d0e08453fa0c4d8f699ba81609ed0e9a9a0f02cd10b3e7942e61e31",
    "https://bcr.bazel.build/modules/rules_java/7.10.0/MODULE.bazel": "530c3beb3067e870561739f1144329a21c851ff771cd752a49e06e3dc9c2e71a",
    "https://bcr.bazel.build/modules/rules_java/7.12.2/MODULE.bazel": "579c505165ee757a4280ef83cda0150eea193eed3bef50b1004ba88b99da6de6",
    "https://bcr.bazel.build/modules/rules_java/7.2.0/MODULE.bazel": "06c0334c9be61e6cef2c8c84a7800cef502063269a5af25ceb100b192453d4ab",
    "https://bcr.bazel.build/modules/rules_java/7.3.2/MODULE.bazel": "50dece891cfdf1741ea230d001aa9c14398062f2b7c066470accace78e412bc2",
    "https://bcr.bazel.build/modules/rules_java/7.6.1/MODULE.bazel": "2f14b7e8a1aa2f67ae92bc69d1ec0fa8d9f827c4e17ff5e5f02e91caa3b2d0fe",
    "https://bcr.bazel.build/modules/rules_java/8.12.0/MODULE.bazel": "8e6590b961f2defdfc2811c089c75716cb2f06c8a4edeb9a8d85eaa64ee2a761",
    "https://bcr.bazel.build/modules/rules_java/8.12.0/source.json": "cbd5d55d9d38d4008a7d00bee5b5a5a4b6031fcd4a56515c9accbcd42c7be2ba",
    "https://bcr.bazel.build/modules/rules_java/8.3.2/MODULE.bazel": "7336d5511ad5af0b8615fdc7477535a2e4e723a357b6713af439fe8cf0195017",
    "https://bcr.bazel.build/modules/rules_java/8.5.1/MODULE.bazel": "d8a9e38cc5228881f7055a6079f6f7821a073df3744d441978e7a43e20226939",
    "https://bcr.bazel.build/modules/rules_jvm_external/4.4.2/MODULE.bazel": "a56b85e418c83eb1839819f0b515c431010160383306d13ec21959ac412d2fe7",
    "https://bcr.bazel.build/modules/rules_jvm_external/5.1/MODULE.bazel": "33f6f999e03183f7d088c9be518a63467dfd0be94a11d0055fe2d210f89aa909",
    "https://bcr.bazel.build/modules/rules_jvm_external/5.2/MODULE.bazel": "d9351ba35217ad0de03816ef3ed63f89d411349353077348a45348b096615036",
    "https://bcr.bazel.build/modules/rules_jvm_external/5.3/MODULE.bazel": "bf93870767689637164657731849fb887ad086739bd5d360d90007a581d5527d",
    "https://bcr.bazel.build/modules/rules_jvm_external/6.1/MODULE.bazel": "75b5fec090dbd46cf9b7d8ea08cf84a0472d92ba3585b476f44c326eda8059c4",
    "https://bcr.bazel.build/modules/rules_jvm_external/6.3/MODULE.bazel": "c998e060b85f71e00de5ec552019347c8bca255062c990ac02d051bb80a38df0",
    "https://bcr.bazel.build/modules/rules_jvm_external/6.3/source.json": "6f5f5a5a4419ae4e37c35a5bb0a6ae657ed40b7abc5a5189111b47fcebe43197",
    "https://bcr.bazel.build/modules/rules_kotlin/1.9.0/MODULE.bazel": "ef85697305025e5a61f395d4eaede272a5393cee479ace6686dba707de804d59",
    "https://bcr.bazel.build/modules/rules_kotlin/1.9.6/MODULE.bazel": "d269a01a18ee74d0335450b10f62c9ed81f2321d7958a2934e44272fe82dcef3",
    "https://bcr.bazel.build/modules/rules_kotlin/1.9.6/source.json": "2faa4794364282db7c06600b7e5e34867a564ae91bda7cae7c29c64e9466b7d5",
    "https://bcr.bazel.build/modules/rules_license/0.0.3/MODULE.bazel": "627e9ab0247f7d1e05736b59dbb1b6871373de5ad31c3011880b4133cafd4bd0",
    "https://bcr.bazel.build/modules/rules_license/0.0.7/MODULE.bazel": "088fbeb0b6a419005b89cf93fe62d9517c0a2b8bb56af3244af65ecfe37e7d5d",
    "https://bcr.bazel.build/modules/rules_license/0.0.8/MODULE.bazel": "5669c6fe49b5134dbf534db681ad3d67a2d49cfc197e4a95f1ca2fd7f3aebe96",
    "https://bcr.bazel.build/modules/rules_license/1.0.0/MODULE.bazel": "a7fda60eefdf3d8c827262ba499957e4df06f659330bbe6cdbdb975b768bb65c",
    "https://bcr.bazel.build/modules/rules_license/1.0.0/source.json": "a52c89e54cc311196e478f8382df91c15f7a2bfdf4c6cd0e2675cc2ff0b56efb",
    "https://bcr.bazel.build/modules/rules_nodejs/5.8.2/MODULE.bazel": "6bc03c8f37f69401b888023bf511cb6ee4781433b0cb56236b2e55a21e3a026a",
    "https://bcr.bazel.build/modules/rules_pkg/0.7.0/MODULE.bazel": "df99f03fc7934a4737122518bb87e667e62d780b610910f0447665a7e2be62dc",
    "https://bcr.bazel.build/modules/rules_pkg/1.0.1/MODULE.bazel": "5b1df97dbc29623bccdf2b0dcd0f5cb08e2f2c9050aab1092fd39a41e82686ff",
    "https://bcr.bazel.build/modules/rules_pkg/1.1.0/MODULE.bazel": "9db8031e71b6ef32d1846106e10dd0ee2deac042bd9a2de22b4761b0c3036453",
    "https://bcr.bazel.build/modules/rules_pkg/1.1.0/source.json": "fef768df13a92ce6067e1cd0cdc47560dace01354f1d921cfb1d632511f7d608",
    "https://bcr.bazel.build/modules/rules_proto/4.0.0/MODULE.bazel": "a7a7b6ce9bee418c1a760b3d84f83a299ad6952f9903c67f19e4edd964894e06",
    "https://bcr.bazel.build/modules/rules_proto/5.3.0-21.7/MODULE.bazel": "e8dff86b0971688790ae75528fe1813f71809b5afd57facb44dad9e8eca631b7",
    "https://bcr.bazel.build/modules/rules_proto/6.0.0-rc1/MODULE.bazel": "1e5b502e2e1a9e825eef74476a5a1ee524a92297085015a052510b09a1a09483",
    "https://bcr.bazel.build/modules/rules_proto/6.0.2/MODULE.bazel": "ce916b775a62b90b61888052a416ccdda405212b6aaeb39522f7dc53431a5e73",
    "https://bcr.bazel.build/modules/rules_proto/7.0.2/MODULE.bazel": "bf81793bd6d2ad89a37a40693e56c61b0ee30f7a7fdbaf3eabbf5f39de47dea2",
    "https://bcr.bazel.build/modules/rules_proto/7.0.2/source.json": "1e5e7260ae32ef4f2b52fd1d0de8d03b606a44c91b694d2f1afb1d3b28a48ce1",
    "https://bcr.bazel.build/modules/rules_python/0.10.2/MODULE.bazel": "cc82bc96f2997baa545ab3ce73f196d040ffb8756fd2d66125a530031cd90e5f",
    "https://bcr.bazel.build/modules/rules_python/0.23.1/MODULE.bazel": "49ffccf0511cb8414de28321f5fcf2a31312b47c40cc21577144b7447f2bf300",
    "https://bcr.bazel.build/modules/rules_python/0.25.0/MODULE.bazel": "72f1506841c920a1afec76975b35312410eea3aa7b63267436bfb1dd91d2d382",
    "https://bcr.bazel.build/modules/rules_python/0.28.0/MODULE.bazel": "cba2573d870babc976664a912539b320cbaa7114cd3e8f053c720171cde331ed",
    "https://bcr.bazel.build/modules/rules_python/0.29.0/MODULE.bazel": "2ac8cd70524b4b9ec49a0b8284c79e4cd86199296f82f6e0d5da3f783d660c82",
    "https://bcr.bazel.build/modules/rules_python/0.31.0/MODULE.bazel": "93a43dc47ee570e6ec9f5779b2e64c1476a6ce921c48cc9a1678a91dd5f8fd58",
    "https://bcr.bazel.build/modules/rules_python/0.33.2/MODULE.bazel": "3e036c4ad8d804a4dad897d333d8dce200d943df4827cb849840055be8d2e937",
    "https://bcr.bazel.build/modules/rules_python/0.4.0/MODULE.bazel": "9208ee05fd48bf09ac60ed269791cf17fb343db56c8226a720fbb1cdf467166c",
    "https://bcr.bazel.build/modules/rules_python/0.40.0/MODULE.bazel": "9d1a3cd88ed7d8e39583d9ffe56ae8a244f67783ae89b60caafc9f5cf318ada7",
    "https://bcr.bazel.build/modules/rules_python/1.0.0/MODULE.bazel": "898a3d999c22caa585eb062b600f88654bf92efb204fa346fb55f6f8edffca43",
    "https://bcr.bazel.build/modules/rules_python/1.5.1/MODULE.bazel": "acfe65880942d44a69129d4c5c3122d57baaf3edf58ae5a6bd4edea114906bf5",
    "https://bcr.bazel.build/modules/rules_python/1.5.1/source.json": "aa903e1bcbdfa1580f2b8e2d55100b7c18bc92d779ebb507fec896c75635f7bd",
    "https://bcr.bazel.build/modules/rules_rust/0.45.1/MODULE.bazel": "a69d0db3a958fab2c6520961e1b2287afcc8b36690fd31bbc4f6f7391397150d",
    "https://bcr.bazel.build/modules/rules_shell/0.2.0/MODULE.bazel": "fda8a652ab3c7d8fee214de05e7a9916d8b28082234e8d2c0094505c5268ed3c",
    "https://bcr.bazel.build/modules/rules_shell/0.5.0/MODULE.bazel": "8c8447370594d45539f66858b602b0bb2cb2d3401a4ebb9ad25830c59c0f366d",
    "https://bcr.bazel.build/modules/rules_shell/0.5.0/source.json": "3038276f07cbbdd1c432d1f80a2767e34143ffbb03cfa043f017e66adbba324c",
    "https://bcr.bazel.build/modules/snappy/1.2.0/MODULE.bazel": "cc7a727b46089c7fdae0ede21b1fd65bdb14d01823da118ef5c48044f40b6b27",
    "https://bcr.bazel.build/modules/snappy/1.2.0/source.json": "17f5527e15d30a9d9eebf79ed73b280b56cac44f8c8fea696666d99943f84c33",
    "https://bcr.bazel.build/modules/stardoc/0.5.0/MODULE.bazel": "f9f1f46ba8d9c3362648eea571c6f9100680efc44913618811b58cc9c02cd678",
    "https://bcr.bazel.build/modules/stardoc/0.5.1/MODULE.bazel": "1a05d92974d0c122f5ccf09291442580317cdd859f07a8655f1db9a60374f9f8",
    "https://bcr.bazel.build/modules/stardoc/0.5.3/MODULE.bazel": "c7f6948dae6999bf0db32c1858ae345f112cacf98f174c7a8bb707e41b974f1c",
    "https://bcr.bazel.build/modules/stardoc/0.5.4/MODULE.bazel": "6569966df04610b8520957cb8e97cf2e9faac2c0309657c537ab51c16c18a2a4",
    "https://bcr.bazel.build/modules/stardoc/0.5.6/MODULE.bazel": "c43dabc564990eeab55e25ed61c07a1aadafe9ece96a4efabb3f8bf9063b71ef",
    "https://bcr.bazel.build/modules/stardoc/0.7.0/MODULE.bazel": "05e3d6d30c099b6770e97da986c53bd31844d7f13d41412480ea265ac9e8079c",
    "https://bcr.bazel.build/modules/stardoc/0.7.1/MODULE.bazel": "3548faea4ee5dda5580f9af150e79d0f6aea934fc60c1cc50f4efdd9420759e7",
    "https://bcr.bazel.build/modules/stardoc/0.7.2/MODULE.bazel": "fc152419aa2ea0f51c29583fab1e8c99ddefd5b3778421845606ee628629e0e5",
    "https://bcr.bazel.build/modules/stardoc/0.7.2/source.json": "58b029e5e901d6802967754adf0a9056747e8176f017cfe3607c0851f4d42216",
    "https://bcr.bazel.build/modules/tcmalloc/0.0.0-20250331-43fcf6e/MODULE.bazel": "2c96170a724216604dd73a8295eeb234cdd45a34bfd212ed2e951d4463422ab8",
    "https://bcr.bazel.build/modules/tcmalloc/0.0.0-20250331-43fcf6e/source.json": "ee9f0745abbe18ae6e3c848409058d870cab6add7fa1daaf02443e502aa500a3",
    "https://bcr.bazel.build/modules/tree-sitter-bazel/0.24.4/MODULE.bazel": "5f23d216376ea547e4b8f8819c201e70c59010ca2badd2a89a226b03e048b847",
    "https://bcr.bazel.build/modules/tree-sitter-bazel/0.24.4/source.json": "0ad3631cf2c38fb32445968acbc800f5bcff3503f7ca136c0b2d2c7b7d06a60c",
    "https://bcr.bazel.build/modules/upb/0.0.0-20220923-a547704/MODULE.bazel": "7298990c00040a0e2f121f6c32544bab27d4452f80d9ce51349b1a28f3005c43",
    "https://bcr.bazel.build/modules/upb/0.0.0-20230516-61a97ef/MODULE.bazel": "c0df5e35ad55e264160417fd0875932ee3c9dda63d9fccace35ac62f45e1b6f9",
    "https://bcr.bazel.build/modules/xz/5.4.5.bcr.1/MODULE.bazel": "c037f75fa1b7e1ff15fbd15d807a8ce545e9b02f02df0a9777aa9aa7d8b268bb",
    "https://bcr.bazel.build/modules/xz/5.4.5.bcr.1/source.json": "766f28499a16fa9ed8dc94382d50e80ceda0d0ab80b79b7b104a67074ab10e1f",
    "https://bcr.bazel.build/modules/zlib/1.2.11/MODULE.bazel": "07b389abc85fdbca459b69e2ec656ae5622873af3f845e1c9d80fe179f3effa0",
    "https://bcr.bazel.build/modules/zlib/1.2.12/MODULE.bazel": "3b1a8834ada2a883674be8cbd36ede1b6ec481477ada359cd2d3ddc562340b27",
    "https://bcr.bazel.build/modules/zlib/1.2.13/MODULE.bazel": "aa6deb1b83c18ffecd940c4119aff9567cd0a671d7bba756741cb2ef043a29d5",
    "https://bcr.bazel.build/modules/zlib/1.3.1.bcr.5/MODULE.bazel": "eec517b5bbe5492629466e11dae908d043364302283de25581e3eb944326c4ca",
    "https://bcr.bazel.build/modules/zlib/1.3.1.bcr.6/MODULE.bazel": "e937cf0a3772f93ad91f3c7af4f330b76a878bbfee06527ca1a9673b790eb896",
    "https://bcr.bazel.build/modules/zlib/1.3.1.bcr.6/source.json": "5f397158198f338129c865a4c3ae21bc5626a9664b3c3b40fa3b3c2ec1ff83bf",
    "https://bcr.bazel.build/modules/zlib/1.3.1/MODULE.bazel": "751c9940dcfe869f5f7274e1295422a34623555916eb98c174c1e945594bf198",
    "https://bcr.bazel.build/modules/zstd/1.5.6/MODULE.bazel": "471ebe7d3cdd8c6469390fcf623eb4779ff55fbee0a87f1dc57a1def468b96d4",
    "https://bcr.bazel.build/modules/zstd/1.5.7/MODULE.bazel": "f5780cdbd6f4c5bb985a20f839844316fe48fb5e463056f372dbc37cfabdf450",
    "https://bcr.bazel.build/modules/zstd/1.5.7/source.json": "f72c48184b6528ffc908a5a2bcbf3070c6684f3db03da2182c8ca999ae5f5cfd"
  },
  "selectedYankedVersions": {},
  "moduleExtensions": {
    "//bazel/cc_toolchains:clang_configuration.bzl%clang_toolchain_extension": {
      "general": {
        "bzlTransitiveDigest": "0KCe1WImgzaPngWGfJswCYagC+t+fC+G9oQJ7+WYLvA=",
        "usagesDigest": "lTxkeAFhR0iBEa3dg5hWvtd2HFCr5zCJx/fl27A+IKA=",
        "recordedFileInputs": {},
        "recordedDirentsInputs": {},
        "envVariables": {},
        "generatedRepoSpecs": {
          "bazel_cc_toolchain": {
            "repoRuleId": "@@//bazel/cc_toolchains:clang_configuration.bzl%configure_clang_toolchain",
            "attributes": {}
          }
        },
        "recordedRepoMappingEntries": []
      }
    },
    "//bazel/llvm_project:llvm_project.bzl%llvm_project": {
      "general": {
        "bzlTransitiveDigest": "WeP75HuuSuHfiMXYgJJVbnizIcDpw7xlAckhEp137z0=",
        "usagesDigest": "uwwVdRj/NhFVoOIaadPP393kgC/Uu3/nTX9ln69oWp4=",
        "recordedFileInputs": {},
        "recordedDirentsInputs": {},
        "envVariables": {},
        "generatedRepoSpecs": {
          "llvm-project": {
            "repoRuleId": "@@+_repo_rules+llvm-raw//utils/bazel:configure.bzl%llvm_configure",
            "attributes": {
              "targets": [
                "AArch64",
                "X86"
              ]
            }
          }
        },
        "recordedRepoMappingEntries": [
          [
            "",
            "llvm-raw",
            "+_repo_rules+llvm-raw"
          ]
        ]
      }
    },
    "@@apple_support+//crosstool:setup.bzl%apple_cc_configure_extension": {
      "general": {
        "bzlTransitiveDigest": "E970FlMbwpgJPdPUQzatKh6BMfeE0ZpWABvwshh7Tmg=",
        "usagesDigest": "aYRVMk+1OupIp+5hdBlpzT36qgd6ntgSxYTzMLW5K4U=",
        "recordedFileInputs": {},
        "recordedDirentsInputs": {},
        "envVariables": {},
        "generatedRepoSpecs": {
          "local_config_apple_cc_toolchains": {
            "repoRuleId": "@@apple_support+//crosstool:setup.bzl%_apple_cc_autoconf_toolchains",
            "attributes": {}
          },
          "local_config_apple_cc": {
            "repoRuleId": "@@apple_support+//crosstool:setup.bzl%_apple_cc_autoconf",
            "attributes": {}
          }
        },
        "recordedRepoMappingEntries": [
          [
            "apple_support+",
            "bazel_tools",
            "bazel_tools"
          ],
          [
            "bazel_tools",
            "rules_cc",
            "rules_cc+"
          ]
        ]
      }
    },
    "@@hedron_compile_commands+//:workspace_setup.bzl%hedron_compile_commands_extension": {
      "general": {
        "bzlTransitiveDigest": "ETG38zSsY5oO3BJOxG49tKRtht7UfAoeny++EJtBjkw=",
        "usagesDigest": "CbJ2MjubH36j9xaONhhASfhodhpi5fzvuyg/IW2f7Ds=",
        "recordedFileInputs": {},
        "recordedDirentsInputs": {},
        "envVariables": {},
        "generatedRepoSpecs": {},
        "recordedRepoMappingEntries": [
          [
            "hedron_compile_commands+",
            "bazel_tools",
            "bazel_tools"
          ]
        ]
      }
    },
    "@@hedron_compile_commands+//:workspace_setup_transitive.bzl%hedron_compile_commands_extension": {
      "general": {
        "bzlTransitiveDigest": "IfDf0vEa2jjQ11RNpUM0u4xftPXIs+pyM8IMVkRqVMk=",
        "usagesDigest": "yxZQbFglJyjpn7JZ9mhIc3EhLzZivlbs6wiHWOKJ/UA=",
        "recordedFileInputs": {},
        "recordedDirentsInputs": {},
        "envVariables": {},
        "generatedRepoSpecs": {},
        "recordedRepoMappingEntries": []
      }
    },
    "@@hedron_compile_commands+//:workspace_setup_transitive_transitive.bzl%hedron_compile_commands_extension": {
      "general": {
        "bzlTransitiveDigest": "1p58k3o2Jgjt/pBE7cb8WmmkplrSguIKma/h32x7X10=",
        "usagesDigest": "GkOuy/k8wz0dbKMeEJFKEJB3CWkMZt3DYcPgj4lALkI=",
        "recordedFileInputs": {},
        "recordedDirentsInputs": {},
        "envVariables": {},
        "generatedRepoSpecs": {},
        "recordedRepoMappingEntries": []
      }
    },
    "@@hedron_compile_commands+//:workspace_setup_transitive_transitive_transitive.bzl%hedron_compile_commands_extension": {
      "general": {
        "bzlTransitiveDigest": "arNWX4EleUjJxqkM5nCRTj+ce05Zz1gSdGH1DCKOoLs=",
        "usagesDigest": "WZExKK/BI4lqpUZfPpv4YARDE1Y7igQB+wYGKvNoCKs=",
        "recordedFileInputs": {},
        "recordedDirentsInputs": {},
        "envVariables": {},
        "generatedRepoSpecs": {},
        "recordedRepoMappingEntries": []
      }
    },
    "@@pybind11_bazel+//:internal_configure.bzl%internal_configure_extension": {
      "general": {
        "bzlTransitiveDigest": "vyKH4VZgvJxNRuv2Dn3yUi/i7TcjLFk2up5SgTbIUY8=",
        "usagesDigest": "D1r3lfzMuUBFxgG8V6o0bQTLMk3GkaGOaPzw53wrwyw=",
        "recordedFileInputs": {
          "@@pybind11_bazel+//MODULE.bazel": "e6f4c20442eaa7c90d7190d8dc539d0ab422f95c65a57cc59562170c58ae3d34"
        },
        "recordedDirentsInputs": {},
        "envVariables": {},
        "generatedRepoSpecs": {
          "pybind11": {
            "repoRuleId": "@@bazel_tools//tools/build_defs/repo:http.bzl%http_archive",
            "attributes": {
              "build_file": "@@pybind11_bazel+//:pybind11-BUILD.bazel",
              "strip_prefix": "pybind11-2.12.0",
              "urls": [
                "https://github.com/pybind/pybind11/archive/v2.12.0.zip"
              ]
            }
          }
        },
        "recordedRepoMappingEntries": [
          [
            "pybind11_bazel+",
            "bazel_tools",
            "bazel_tools"
          ]
        ]
      }
    },
    "@@rules_fuzzing+//fuzzing/private:extensions.bzl%non_module_dependencies": {
      "general": {
        "bzlTransitiveDigest": "lxvzPQyluk241QRYY81nZHOcv5Id/5U2y6dp42qibis=",
        "usagesDigest": "wy6ISK6UOcBEjj/mvJ/S3WeXoO67X+1llb9yPyFtPgc=",
        "recordedFileInputs": {},
        "recordedDirentsInputs": {},
        "envVariables": {},
        "generatedRepoSpecs": {
          "platforms": {
            "repoRuleId": "@@bazel_tools//tools/build_defs/repo:http.bzl%http_archive",
            "attributes": {
              "urls": [
                "https://mirror.bazel.build/github.com/bazelbuild/platforms/releases/download/0.0.8/platforms-0.0.8.tar.gz",
                "https://github.com/bazelbuild/platforms/releases/download/0.0.8/platforms-0.0.8.tar.gz"
              ],
              "sha256": "8150406605389ececb6da07cbcb509d5637a3ab9a24bc69b1101531367d89d74"
            }
          },
          "rules_python": {
            "repoRuleId": "@@bazel_tools//tools/build_defs/repo:http.bzl%http_archive",
            "attributes": {
              "sha256": "d70cd72a7a4880f0000a6346253414825c19cdd40a28289bdf67b8e6480edff8",
              "strip_prefix": "rules_python-0.28.0",
              "url": "https://github.com/bazelbuild/rules_python/releases/download/0.28.0/rules_python-0.28.0.tar.gz"
            }
          },
          "bazel_skylib": {
            "repoRuleId": "@@bazel_tools//tools/build_defs/repo:http.bzl%http_archive",
            "attributes": {
              "sha256": "cd55a062e763b9349921f0f5db8c3933288dc8ba4f76dd9416aac68acee3cb94",
              "urls": [
                "https://mirror.bazel.build/github.com/bazelbuild/bazel-skylib/releases/download/1.5.0/bazel-skylib-1.5.0.tar.gz",
                "https://github.com/bazelbuild/bazel-skylib/releases/download/1.5.0/bazel-skylib-1.5.0.tar.gz"
              ]
            }
          },
          "com_google_absl": {
            "repoRuleId": "@@bazel_tools//tools/build_defs/repo:http.bzl%http_archive",
            "attributes": {
              "urls": [
                "https://github.com/abseil/abseil-cpp/archive/refs/tags/20240116.1.zip"
              ],
              "strip_prefix": "abseil-cpp-20240116.1",
              "integrity": "sha256-7capMWOvWyoYbUaHF/b+I2U6XLMaHmky8KugWvfXYuk="
            }
          },
          "rules_fuzzing_oss_fuzz": {
            "repoRuleId": "@@rules_fuzzing+//fuzzing/private/oss_fuzz:repository.bzl%oss_fuzz_repository",
            "attributes": {}
          },
          "honggfuzz": {
            "repoRuleId": "@@bazel_tools//tools/build_defs/repo:http.bzl%http_archive",
            "attributes": {
              "build_file": "@@rules_fuzzing+//:honggfuzz.BUILD",
              "sha256": "6b18ba13bc1f36b7b950c72d80f19ea67fbadc0ac0bb297ec89ad91f2eaa423e",
              "url": "https://github.com/google/honggfuzz/archive/2.5.zip",
              "strip_prefix": "honggfuzz-2.5"
            }
          },
          "rules_fuzzing_jazzer": {
            "repoRuleId": "@@bazel_tools//tools/build_defs/repo:http.bzl%http_jar",
            "attributes": {
              "sha256": "ee6feb569d88962d59cb59e8a31eb9d007c82683f3ebc64955fd5b96f277eec2",
              "url": "https://repo1.maven.org/maven2/com/code-intelligence/jazzer/0.20.1/jazzer-0.20.1.jar"
            }
          },
          "rules_fuzzing_jazzer_api": {
            "repoRuleId": "@@bazel_tools//tools/build_defs/repo:http.bzl%http_jar",
            "attributes": {
              "sha256": "f5a60242bc408f7fa20fccf10d6c5c5ea1fcb3c6f44642fec5af88373ae7aa1b",
              "url": "https://repo1.maven.org/maven2/com/code-intelligence/jazzer-api/0.20.1/jazzer-api-0.20.1.jar"
            }
          }
        },
        "recordedRepoMappingEntries": [
          [
            "rules_fuzzing+",
            "bazel_tools",
            "bazel_tools"
          ]
        ]
      }
    },
    "@@rules_kotlin+//src/main/starlark/core/repositories:bzlmod_setup.bzl%rules_kotlin_extensions": {
      "general": {
        "bzlTransitiveDigest": "hUTp2w+RUVdL7ma5esCXZJAFnX7vLbVfLd7FwnQI6bU=",
        "usagesDigest": "QI2z8ZUR+mqtbwsf2fLqYdJAkPOHdOV+tF2yVAUgRzw=",
        "recordedFileInputs": {},
        "recordedDirentsInputs": {},
        "envVariables": {},
        "generatedRepoSpecs": {
          "com_github_jetbrains_kotlin_git": {
            "repoRuleId": "@@rules_kotlin+//src/main/starlark/core/repositories:compiler.bzl%kotlin_compiler_git_repository",
            "attributes": {
              "urls": [
                "https://github.com/JetBrains/kotlin/releases/download/v1.9.23/kotlin-compiler-1.9.23.zip"
              ],
              "sha256": "93137d3aab9afa9b27cb06a824c2324195c6b6f6179d8a8653f440f5bd58be88"
            }
          },
          "com_github_jetbrains_kotlin": {
            "repoRuleId": "@@rules_kotlin+//src/main/starlark/core/repositories:compiler.bzl%kotlin_capabilities_repository",
            "attributes": {
              "git_repository_name": "com_github_jetbrains_kotlin_git",
              "compiler_version": "1.9.23"
            }
          },
          "com_github_google_ksp": {
            "repoRuleId": "@@rules_kotlin+//src/main/starlark/core/repositories:ksp.bzl%ksp_compiler_plugin_repository",
            "attributes": {
              "urls": [
                "https://github.com/google/ksp/releases/download/1.9.23-1.0.20/artifacts.zip"
              ],
              "sha256": "ee0618755913ef7fd6511288a232e8fad24838b9af6ea73972a76e81053c8c2d",
              "strip_version": "1.9.23-1.0.20"
            }
          },
          "com_github_pinterest_ktlint": {
            "repoRuleId": "@@bazel_tools//tools/build_defs/repo:http.bzl%http_file",
            "attributes": {
              "sha256": "01b2e0ef893383a50dbeb13970fe7fa3be36ca3e83259e01649945b09d736985",
              "urls": [
                "https://github.com/pinterest/ktlint/releases/download/1.3.0/ktlint"
              ],
              "executable": true
            }
          },
          "rules_android": {
            "repoRuleId": "@@bazel_tools//tools/build_defs/repo:http.bzl%http_archive",
            "attributes": {
              "sha256": "cd06d15dd8bb59926e4d65f9003bfc20f9da4b2519985c27e190cddc8b7a7806",
              "strip_prefix": "rules_android-0.1.1",
              "urls": [
                "https://github.com/bazelbuild/rules_android/archive/v0.1.1.zip"
              ]
            }
          }
        },
        "recordedRepoMappingEntries": [
          [
            "rules_kotlin+",
            "bazel_tools",
            "bazel_tools"
          ]
        ]
      }
    },
    "@@rules_python+//python/uv:uv.bzl%uv": {
      "general": {
        "bzlTransitiveDigest": "bGHlxez0Lkvq2VwrlfCLraKHiJIRHSIJb432X2+pky8=",
        "usagesDigest": "WYhzIw9khRBy34H1GxV5+fI1yi07O90NmCXosPUdHWQ=",
        "recordedFileInputs": {},
        "recordedDirentsInputs": {},
        "envVariables": {},
        "generatedRepoSpecs": {
          "uv": {
            "repoRuleId": "@@rules_python+//python/uv/private:uv_toolchains_repo.bzl%uv_toolchains_repo",
            "attributes": {
              "toolchain_type": "'@@rules_python+//python/uv:uv_toolchain_type'",
              "toolchain_names": [
                "none"
              ],
              "toolchain_implementations": {
                "none": "'@@rules_python+//python:none'"
              },
              "toolchain_compatible_with": {
                "none": [
                  "@platforms//:incompatible"
                ]
              },
              "toolchain_target_settings": {}
            }
          }
        },
        "recordedRepoMappingEntries": [
          [
            "rules_python+",
            "bazel_tools",
            "bazel_tools"
          ],
          [
            "rules_python+",
            "platforms",
            "platforms"
          ]
        ]
      }
    },
    "@@tree-sitter-bazel+//:extensions.bzl%tree_sitter_source_code": {
      "general": {
        "bzlTransitiveDigest": "ZERlJhvjMDpy/7u2yrFDBPTwzbnpEvgLwn1Y0qlM/vQ=",
        "usagesDigest": "+A8gOKWptG2ZhzIqOP3jb/D4vpatFdmbOLuveV6t1Yw=",
        "recordedFileInputs": {},
        "recordedDirentsInputs": {},
        "envVariables": {},
        "generatedRepoSpecs": {
          "tree-sitter-raw": {
            "repoRuleId": "@@bazel_tools//tools/build_defs/repo:http.bzl%http_archive",
            "attributes": {
              "urls": [
                "https://github.com/tree-sitter/tree-sitter/archive/refs/tags/v0.24.4.tar.gz"
              ],
              "sha256": "",
              "integrity": "sha384-Af1RSXWjSyY7gKQ9W4kaUrJm6EaDFXfCDb1Ca25yZTBQ3hS9Ye7ev57dEGTvAbpz",
              "strip_prefix": "tree-sitter-0.24.4",
              "build_file_content": "exports_files(glob([\"lib/**\"]))"
            }
          }
        },
        "recordedRepoMappingEntries": [
          [
            "tree-sitter-bazel+",
            "bazel_tools",
            "bazel_tools"
          ]
        ]
      }
    }
  }
}
