Microsoft Visual Studio Solution File, Format Version 7.00
Project("{8BC9CEB8-8B4A-11D0-8D11-00A0C91BC942}") = "testzlib", "testzlib.vcproj", "{AA6666AA-E09F-4135-9C0C-4FE50C3C654B}"
EndProject
Global
	GlobalSection(SolutionConfiguration) = preSolution
		ConfigName.0 = Debug
		ConfigName.1 = Release
	EndGlobalSection
	GlobalSection(ProjectDependencies) = postSolution
	EndGlobalSection
	GlobalSection(ProjectConfiguration) = postSolution
		{AA6666AA-E09F-4135-9C0C-4FE50C3C654B}.Debug.ActiveCfg = Debug|Win32
		{AA6666AA-E09F-4135-9C0C-4FE50C3C654B}.Debug.Build.0 = Debug|Win32
		{AA6666AA-E09F-4135-9C0C-4FE50C3C654B}.Release.ActiveCfg = Release|Win32
		{AA6666AA-E09F-4135-9C0C-4FE50C3C654B}.Release.Build.0 = Release|Win32
	EndGlobalSection
	GlobalSection(ExtensibilityGlobals) = postSolution
	EndGlobalSection
	GlobalSection(ExtensibilityAddIns) = postSolution
	EndGlobalSection
EndGlobal
